<?xml version="1.0" encoding="UTF-8" standalone="yes" ?>
<CodeBlocks_project_file>
	<FileVersion major="1" minor="6" />
	<Project>
		<Option title="NPC 2021-1 고급" />
		<Option pch_mode="2" />
		<Option compiler="gcc" />
		<Build>
			<Target title="Debug">
				<Option output="bin/Debug/NPC 2021-1 고급" prefix_auto="1" extension_auto="1" />
				<Option object_output="obj/Debug/" />
				<Option type="1" />
				<Option compiler="gcc" />
				<Compiler>
					<Add option="-g" />
				</Compiler>
			</Target>
			<Target title="Release">
				<Option output="bin/Release/NPC 2021-1 고급" prefix_auto="1" extension_auto="1" />
				<Option object_output="obj/Release/" />
				<Option type="1" />
				<Option compiler="gcc" />
				<Compiler>
					<Add option="-O2" />
				</Compiler>
				<Linker>
					<Add option="-s" />
				</Linker>
			</Target>
		</Build>
		<Compiler>
			<Add option="-Wall" />
			<Add option="-fexceptions" />
		</Compiler>
		<Unit filename="13306.cpp" />
		<Unit filename="15900.cpp">
			<Option compile="0" />
			<Option link="0" />
		</Unit>
		<Unit filename="1593.cpp">
			<Option compile="0" />
			<Option link="0" />
		</Unit>
		<Unit filename="16282.cpp">
			<Option compile="0" />
			<Option link="0" />
		</Unit>
		<Unit filename="17374.cpp">
			<Option compile="0" />
			<Option link="0" />
		</Unit>
		<Unit filename="17522.cpp">
			<Option compile="0" />
			<Option link="0" />
		</Unit>
		<Unit filename="2518.cpp">
			<Option compile="0" />
			<Option link="0" />
		</Unit>
		<Extensions>
			<code_completion />
			<envvars />
			<debugger />
		</Extensions>
	</Project>
</CodeBlocks_project_file>
